
Microsoft Visual Studio Solution File, Format Version 12.00
# Visual Studio Version 16
VisualStudioVersion = 16.0.31005.135
MinimumVisualStudioVersion = 10.0.40219.1
Project("{9A19103F-16F7-4668-BE54-9A1E7A4F7556}") = "ISP PROJECT LAB 3568", "Lab3\ISP PROJECT LAB 3568.csproj", "{FB1EB991-8084-471D-A2C3-8605A8CC1CB1}"
EndProject
Global
	GlobalSection(SolutionConfigurationPlatforms) = preSolution
		Debug|Any CPU = Debug|Any CPU
		Release|Any CPU = Release|Any CPU
	EndGlobalSection
	GlobalSection(ProjectConfigurationPlatforms) = postSolution
		{FB1EB991-8084-471D-A2C3-8605A8CC1CB1}.Debug|Any CPU.ActiveCfg = Debug|Any CPU
		{FB1EB991-8084-471D-A2C3-8605A8CC1CB1}.Debug|Any CPU.Build.0 = Debug|Any CPU
		{FB1EB991-8084-471D-A2C3-8605A8CC1CB1}.Release|Any CPU.ActiveCfg = Release|Any CPU
		{FB1EB991-8084-471D-A2C3-8605A8CC1CB1}.Release|Any CPU.Build.0 = Release|Any CPU
	EndGlobalSection
	GlobalSection(SolutionProperties) = preSolution
		HideSolutionNode = FALSE
	EndGlobalSection
	GlobalSection(ExtensibilityGlobals) = postSolution
		SolutionGuid = {44E81D04-4B3A-4BF2-857D-7331D4E7880A}
	EndGlobalSection
EndGlobal
